
Microsoft Visual Studio Solution File, Format Version 12.00
# Visual Studio Version 17
VisualStudioVersion = 17.11.35303.130
MinimumVisualStudioVersion = 10.0.40219.1
Project("{FAE04EC0-301F-11D3-BF4B-00C04F79EFBC}") = "Domain", "Domain\Domain.csproj", "{C77C1FA2-04FE-4D5A-A5A6-729A386E273F}"
EndProject
Project("{FAE04EC0-301F-11D3-BF4B-00C04F79EFBC}") = "Application", "Application\Application.csproj", "{E3B2660D-9D6C-45C5-88FC-E1BCC7B63598}"
EndProject
Project("{FAE04EC0-301F-11D3-BF4B-00C04F79EFBC}") = "Persistence", "Persistence\Persistence.csproj", "{7E60934E-7DF5-466F-AFE0-D7C5848484FA}"
EndProject
Project("{FAE04EC0-301F-11D3-BF4B-00C04F79EFBC}") = "Infrastructure", "Infrastructure\Infrastructure.csproj", "{06147FEE-9227-46C1-9984-A3C7369052A5}"
EndProject
Project("{FAE04EC0-301F-11D3-BF4B-00C04F79EFBC}") = "Y-Threadly.Api", "Y-Threadly.Api\Y-Threadly.Api.csproj", "{2FE04899-1260-42C4-A961-F07DD9F6C8F1}"
EndProject
Global
	GlobalSection(SolutionConfigurationPlatforms) = preSolution
		Debug|Any CPU = Debug|Any CPU
		Release|Any CPU = Release|Any CPU
	EndGlobalSection
	GlobalSection(ProjectConfigurationPlatforms) = postSolution
		{C77C1FA2-04FE-4D5A-A5A6-729A386E273F}.Debug|Any CPU.ActiveCfg = Debug|Any CPU
		{C77C1FA2-04FE-4D5A-A5A6-729A386E273F}.Debug|Any CPU.Build.0 = Debug|Any CPU
		{C77C1FA2-04FE-4D5A-A5A6-729A386E273F}.Release|Any CPU.ActiveCfg = Release|Any CPU
		{C77C1FA2-04FE-4D5A-A5A6-729A386E273F}.Release|Any CPU.Build.0 = Release|Any CPU
		{E3B2660D-9D6C-45C5-88FC-E1BCC7B63598}.Debug|Any CPU.ActiveCfg = Debug|Any CPU
		{E3B2660D-9D6C-45C5-88FC-E1BCC7B63598}.Debug|Any CPU.Build.0 = Debug|Any CPU
		{E3B2660D-9D6C-45C5-88FC-E1BCC7B63598}.Release|Any CPU.ActiveCfg = Release|Any CPU
		{E3B2660D-9D6C-45C5-88FC-E1BCC7B63598}.Release|Any CPU.Build.0 = Release|Any CPU
		{7E60934E-7DF5-466F-AFE0-D7C5848484FA}.Debug|Any CPU.ActiveCfg = Debug|Any CPU
		{7E60934E-7DF5-466F-AFE0-D7C5848484FA}.Debug|Any CPU.Build.0 = Debug|Any CPU
		{7E60934E-7DF5-466F-AFE0-D7C5848484FA}.Release|Any CPU.ActiveCfg = Release|Any CPU
		{7E60934E-7DF5-466F-AFE0-D7C5848484FA}.Release|Any CPU.Build.0 = Release|Any CPU
		{06147FEE-9227-46C1-9984-A3C7369052A5}.Debug|Any CPU.ActiveCfg = Debug|Any CPU
		{06147FEE-9227-46C1-9984-A3C7369052A5}.Debug|Any CPU.Build.0 = Debug|Any CPU
		{06147FEE-9227-46C1-9984-A3C7369052A5}.Release|Any CPU.ActiveCfg = Release|Any CPU
		{06147FEE-9227-46C1-9984-A3C7369052A5}.Release|Any CPU.Build.0 = Release|Any CPU
		{2FE04899-1260-42C4-A961-F07DD9F6C8F1}.Debug|Any CPU.ActiveCfg = Debug|Any CPU
		{2FE04899-1260-42C4-A961-F07DD9F6C8F1}.Debug|Any CPU.Build.0 = Debug|Any CPU
		{2FE04899-1260-42C4-A961-F07DD9F6C8F1}.Release|Any CPU.ActiveCfg = Release|Any CPU
		{2FE04899-1260-42C4-A961-F07DD9F6C8F1}.Release|Any CPU.Build.0 = Release|Any CPU
	EndGlobalSection
	GlobalSection(SolutionProperties) = preSolution
		HideSolutionNode = FALSE
	EndGlobalSection
	GlobalSection(ExtensibilityGlobals) = postSolution
		SolutionGuid = {0C53BCA3-8A66-44DA-ABC6-4F8044F6AB28}
	EndGlobalSection
EndGlobal
